
Microsoft Visual Studio Solution File, Format Version 12.00
# Visual Studio Version 17
VisualStudioVersion = 17.1.32421.90
MinimumVisualStudioVersion = 10.0.40219.1
Project("{9A19103F-16F7-4668-BE54-9A1E7A4F7556}") = "KlusterG.AutoGui.Samples", "KlusterG.AutoGui.Samples\KlusterG.AutoGui.Samples.csproj", "{AE9AAE81-5156-46B1-A3E1-1E5341ACC8A4}"
EndProject
Project("{9A19103F-16F7-4668-BE54-9A1E7A4F7556}") = "KlusterG.AutoGui.Legacy", "KlusterG.AutoGui.Legacy\KlusterG.AutoGui.Legacy.csproj", "{210FD1BD-2225-4599-967E-8EEEDECCCF2A}"
EndProject
Project("{9A19103F-16F7-4668-BE54-9A1E7A4F7556}") = "KlusterG.AutoGui", "KlusterG.AutoGui\KlusterG.AutoGui.csproj", "{F81058DE-B49A-4B3A-9A22-8C52C92C04B9}"
EndProject
Project("{FAE04EC0-301F-11D3-BF4B-00C04F79EFBC}") = "KlusterG.AutoGui.Domain", "KlusterG.AutoGui.Domain\KlusterG.AutoGui.Domain.csproj", "{46721B81-7FCC-4400-9EE6-CA1026BB4C61}"
EndProject
Project("{FAE04EC0-301F-11D3-BF4B-00C04F79EFBC}") = "KlusterG.AutoGui.User32", "KlusterG.AutoGui.User32\KlusterG.AutoGui.User32.csproj", "{65146D56-D0B5-408D-9704-FAD4D06C10B3}"
EndProject
Project("{FAE04EC0-301F-11D3-BF4B-00C04F79EFBC}") = "KlusterG.AutoGui.Xdotool", "KlusterG.AutoGui.Xdotool\KlusterG.AutoGui.Xdotool.csproj", "{BB18316D-F17B-42E3-BE9C-4920BF049E75}"
EndProject
Global
	GlobalSection(SolutionConfigurationPlatforms) = preSolution
		Debug|Any CPU = Debug|Any CPU
		Release|Any CPU = Release|Any CPU
	EndGlobalSection
	GlobalSection(ProjectConfigurationPlatforms) = postSolution
		{AE9AAE81-5156-46B1-A3E1-1E5341ACC8A4}.Debug|Any CPU.ActiveCfg = Debug|Any CPU
		{AE9AAE81-5156-46B1-A3E1-1E5341ACC8A4}.Debug|Any CPU.Build.0 = Debug|Any CPU
		{AE9AAE81-5156-46B1-A3E1-1E5341ACC8A4}.Release|Any CPU.ActiveCfg = Release|Any CPU
		{AE9AAE81-5156-46B1-A3E1-1E5341ACC8A4}.Release|Any CPU.Build.0 = Release|Any CPU
		{210FD1BD-2225-4599-967E-8EEEDECCCF2A}.Debug|Any CPU.ActiveCfg = Debug|Any CPU
		{210FD1BD-2225-4599-967E-8EEEDECCCF2A}.Debug|Any CPU.Build.0 = Debug|Any CPU
		{210FD1BD-2225-4599-967E-8EEEDECCCF2A}.Release|Any CPU.ActiveCfg = Release|Any CPU
		{210FD1BD-2225-4599-967E-8EEEDECCCF2A}.Release|Any CPU.Build.0 = Release|Any CPU
		{F81058DE-B49A-4B3A-9A22-8C52C92C04B9}.Debug|Any CPU.ActiveCfg = Debug|Any CPU
		{F81058DE-B49A-4B3A-9A22-8C52C92C04B9}.Debug|Any CPU.Build.0 = Debug|Any CPU
		{F81058DE-B49A-4B3A-9A22-8C52C92C04B9}.Release|Any CPU.ActiveCfg = Release|Any CPU
		{F81058DE-B49A-4B3A-9A22-8C52C92C04B9}.Release|Any CPU.Build.0 = Release|Any CPU
		{46721B81-7FCC-4400-9EE6-CA1026BB4C61}.Debug|Any CPU.ActiveCfg = Debug|Any CPU
		{46721B81-7FCC-4400-9EE6-CA1026BB4C61}.Debug|Any CPU.Build.0 = Debug|Any CPU
		{46721B81-7FCC-4400-9EE6-CA1026BB4C61}.Release|Any CPU.ActiveCfg = Release|Any CPU
		{46721B81-7FCC-4400-9EE6-CA1026BB4C61}.Release|Any CPU.Build.0 = Release|Any CPU
		{65146D56-D0B5-408D-9704-FAD4D06C10B3}.Debug|Any CPU.ActiveCfg = Debug|Any CPU
		{65146D56-D0B5-408D-9704-FAD4D06C10B3}.Debug|Any CPU.Build.0 = Debug|Any CPU
		{65146D56-D0B5-408D-9704-FAD4D06C10B3}.Release|Any CPU.ActiveCfg = Release|Any CPU
		{65146D56-D0B5-408D-9704-FAD4D06C10B3}.Release|Any CPU.Build.0 = Release|Any CPU
		{BB18316D-F17B-42E3-BE9C-4920BF049E75}.Debug|Any CPU.ActiveCfg = Debug|Any CPU
		{BB18316D-F17B-42E3-BE9C-4920BF049E75}.Debug|Any CPU.Build.0 = Debug|Any CPU
		{BB18316D-F17B-42E3-BE9C-4920BF049E75}.Release|Any CPU.ActiveCfg = Release|Any CPU
		{BB18316D-F17B-42E3-BE9C-4920BF049E75}.Release|Any CPU.Build.0 = Release|Any CPU
	EndGlobalSection
	GlobalSection(SolutionProperties) = preSolution
		HideSolutionNode = FALSE
	EndGlobalSection
	GlobalSection(ExtensibilityGlobals) = postSolution
		SolutionGuid = {90DF3C10-4CB2-4BE9-B194-C3AE61157A7F}
	EndGlobalSection
EndGlobal
